
Microsoft Visual Studio Solution File, Format Version 12.00
# Visual Studio 2012
Project("{FAE04EC0-301F-11D3-BF4B-00C04F79EFBC}") = "Trex.SmartClient", "Trex.SmartClient\Trex.SmartClient.csproj", "{4BA928EA-47E5-4FEE-A230-7667661C7852}"
EndProject
Project("{FAE04EC0-301F-11D3-BF4B-00C04F79EFBC}") = "Trex.SmartClient.Infrastructure", "Trex.SmartClient.Infrastructure\Trex.SmartClient.Infrastructure.csproj", "{F2F238BF-8C25-4619-B46C-12577EDFFFF4}"
EndProject
Project("{FAE04EC0-301F-11D3-BF4B-00C04F79EFBC}") = "Trex.SmartClient.Core", "Trex.SmartClient.Core\Trex.SmartClient.Core.csproj", "{B97E0761-2167-49FD-84C9-0BD68705C58B}"
EndProject
Project("{FAE04EC0-301F-11D3-BF4B-00C04F79EFBC}") = "Trex.SmartClient.Data", "Trex.SmartClient.Data\Trex.SmartClient.Data.csproj", "{5757D50C-1DB2-45D3-AB0C-9DDA4A06B9C5}"
EndProject
Project("{FAE04EC0-301F-11D3-BF4B-00C04F79EFBC}") = "Trex.SmartClient.Service", "Trex.SmartClient.Service\Trex.SmartClient.Service.csproj", "{F6539617-0432-48CB-8203-6A4301D777EC}"
EndProject
Project("{FAE04EC0-301F-11D3-BF4B-00C04F79EFBC}") = "Trex.SmartClient.TaskModule", "Trex.SmartClient.TaskModule\Trex.SmartClient.TaskModule.csproj", "{D683C7E9-498F-4077-B6A4-C74A6C0ADC12}"
EndProject
Project("{FAE04EC0-301F-11D3-BF4B-00C04F79EFBC}") = "Trex.Dialog", "Trex.Dialog\Trex.Dialog.csproj", "{72AD292D-E0BC-489A-9D6D-4A8D3540AE1F}"
EndProject
Project("{FAE04EC0-301F-11D3-BF4B-00C04F79EFBC}") = "Trex.SmartClient.Reporting", "Trex.SmartClient.Reporting\Trex.SmartClient.Reporting.csproj", "{29743B45-8C75-482E-AFF5-C7FDB85C43FA}"
EndProject
Project("{2150E333-8FDC-42A3-9474-1A3956D46DE8}") = ".nuget", ".nuget", "{D25A8D8E-2C0B-4437-B828-7B768820FF94}"
	ProjectSection(SolutionItems) = preProject
		.nuget\NuGet.Config = .nuget\NuGet.Config
		.nuget\NuGet.exe = .nuget\NuGet.exe
		.nuget\NuGet.targets = .nuget\NuGet.targets
	EndProjectSection
EndProject
Project("{FAE04EC0-301F-11D3-BF4B-00C04F79EFBC}") = "Trex.SmartClient.Overview", "Trex.SmartClient.Overview\Trex.SmartClient.Overview.csproj", "{3CF56D81-82E7-4C91-9353-B0CB6993849D}"
EndProject
Project("{FAE04EC0-301F-11D3-BF4B-00C04F79EFBC}") = "Trex.SmartClient.Forecast", "Trex.SmartClient.Forecast\Trex.SmartClient.Forecast.csproj", "{CE5BC9DD-FD58-4EF6-AD9D-4C37419F111D}"
EndProject
Project("{FAE04EC0-301F-11D3-BF4B-00C04F79EFBC}") = "Trex.SmartClient.Test", "Trex.SmartClient.Test\Trex.SmartClient.Test.csproj", "{FB61BD64-287C-4C11-9A75-6F5C4BDDE939}"
EndProject
Project("{FAE04EC0-301F-11D3-BF4B-00C04F79EFBC}") = "Trex.Common", "..\Trex.WpfClient.Service\Trex.Common\Trex.Common.csproj", "{DF1F8985-9636-40AB-9E0F-5DD627EF10DD}"
EndProject
Project("{FAE04EC0-301F-11D3-BF4B-00C04F79EFBC}") = "Trex.SmartClient.Project", "Trex.SmartClient.Project\Trex.SmartClient.Project.csproj", "{6887890D-D2D0-4D94-AFEC-6B3492A22642}"
EndProject
Global
	GlobalSection(SolutionConfigurationPlatforms) = preSolution
		Debug|Any CPU = Debug|Any CPU
		Release|Any CPU = Release|Any CPU
		Releaseexternal|Any CPU = Releaseexternal|Any CPU
		Test|Any CPU = Test|Any CPU
	EndGlobalSection
	GlobalSection(ProjectConfigurationPlatforms) = postSolution
		{4BA928EA-47E5-4FEE-A230-7667661C7852}.Debug|Any CPU.ActiveCfg = Debug|Any CPU
		{4BA928EA-47E5-4FEE-A230-7667661C7852}.Debug|Any CPU.Build.0 = Debug|Any CPU
		{4BA928EA-47E5-4FEE-A230-7667661C7852}.Release|Any CPU.ActiveCfg = Release|Any CPU
		{4BA928EA-47E5-4FEE-A230-7667661C7852}.Release|Any CPU.Build.0 = Release|Any CPU
		{4BA928EA-47E5-4FEE-A230-7667661C7852}.Releaseexternal|Any CPU.ActiveCfg = Releaseexternal|Any CPU
		{4BA928EA-47E5-4FEE-A230-7667661C7852}.Releaseexternal|Any CPU.Build.0 = Releaseexternal|Any CPU
		{4BA928EA-47E5-4FEE-A230-7667661C7852}.Test|Any CPU.ActiveCfg = Test|Any CPU
		{4BA928EA-47E5-4FEE-A230-7667661C7852}.Test|Any CPU.Build.0 = Test|Any CPU
		{F2F238BF-8C25-4619-B46C-12577EDFFFF4}.Debug|Any CPU.ActiveCfg = Debug|Any CPU
		{F2F238BF-8C25-4619-B46C-12577EDFFFF4}.Debug|Any CPU.Build.0 = Debug|Any CPU
		{F2F238BF-8C25-4619-B46C-12577EDFFFF4}.Release|Any CPU.ActiveCfg = Release|Any CPU
		{F2F238BF-8C25-4619-B46C-12577EDFFFF4}.Release|Any CPU.Build.0 = Release|Any CPU
		{F2F238BF-8C25-4619-B46C-12577EDFFFF4}.Releaseexternal|Any CPU.ActiveCfg = Releaseexternal|Any CPU
		{F2F238BF-8C25-4619-B46C-12577EDFFFF4}.Releaseexternal|Any CPU.Build.0 = Releaseexternal|Any CPU
		{F2F238BF-8C25-4619-B46C-12577EDFFFF4}.Test|Any CPU.ActiveCfg = Test|Any CPU
		{F2F238BF-8C25-4619-B46C-12577EDFFFF4}.Test|Any CPU.Build.0 = Test|Any CPU
		{B97E0761-2167-49FD-84C9-0BD68705C58B}.Debug|Any CPU.ActiveCfg = Debug|Any CPU
		{B97E0761-2167-49FD-84C9-0BD68705C58B}.Debug|Any CPU.Build.0 = Debug|Any CPU
		{B97E0761-2167-49FD-84C9-0BD68705C58B}.Release|Any CPU.ActiveCfg = Release|Any CPU
		{B97E0761-2167-49FD-84C9-0BD68705C58B}.Release|Any CPU.Build.0 = Release|Any CPU
		{B97E0761-2167-49FD-84C9-0BD68705C58B}.Releaseexternal|Any CPU.ActiveCfg = Releaseexternal|Any CPU
		{B97E0761-2167-49FD-84C9-0BD68705C58B}.Releaseexternal|Any CPU.Build.0 = Releaseexternal|Any CPU
		{B97E0761-2167-49FD-84C9-0BD68705C58B}.Test|Any CPU.ActiveCfg = Test|Any CPU
		{B97E0761-2167-49FD-84C9-0BD68705C58B}.Test|Any CPU.Build.0 = Test|Any CPU
		{5757D50C-1DB2-45D3-AB0C-9DDA4A06B9C5}.Debug|Any CPU.ActiveCfg = Debug|Any CPU
		{5757D50C-1DB2-45D3-AB0C-9DDA4A06B9C5}.Debug|Any CPU.Build.0 = Debug|Any CPU
		{5757D50C-1DB2-45D3-AB0C-9DDA4A06B9C5}.Release|Any CPU.ActiveCfg = Release|Any CPU
		{5757D50C-1DB2-45D3-AB0C-9DDA4A06B9C5}.Release|Any CPU.Build.0 = Release|Any CPU
		{5757D50C-1DB2-45D3-AB0C-9DDA4A06B9C5}.Releaseexternal|Any CPU.ActiveCfg = Releaseexternal|Any CPU
		{5757D50C-1DB2-45D3-AB0C-9DDA4A06B9C5}.Releaseexternal|Any CPU.Build.0 = Releaseexternal|Any CPU
		{5757D50C-1DB2-45D3-AB0C-9DDA4A06B9C5}.Test|Any CPU.ActiveCfg = Test|Any CPU
		{5757D50C-1DB2-45D3-AB0C-9DDA4A06B9C5}.Test|Any CPU.Build.0 = Test|Any CPU
		{F6539617-0432-48CB-8203-6A4301D777EC}.Debug|Any CPU.ActiveCfg = Debug|Any CPU
		{F6539617-0432-48CB-8203-6A4301D777EC}.Debug|Any CPU.Build.0 = Debug|Any CPU
		{F6539617-0432-48CB-8203-6A4301D777EC}.Release|Any CPU.ActiveCfg = Release|Any CPU
		{F6539617-0432-48CB-8203-6A4301D777EC}.Release|Any CPU.Build.0 = Release|Any CPU
		{F6539617-0432-48CB-8203-6A4301D777EC}.Releaseexternal|Any CPU.ActiveCfg = Releaseexternal|Any CPU
		{F6539617-0432-48CB-8203-6A4301D777EC}.Releaseexternal|Any CPU.Build.0 = Releaseexternal|Any CPU
		{F6539617-0432-48CB-8203-6A4301D777EC}.Test|Any CPU.ActiveCfg = Test|Any CPU
		{F6539617-0432-48CB-8203-6A4301D777EC}.Test|Any CPU.Build.0 = Test|Any CPU
		{D683C7E9-498F-4077-B6A4-C74A6C0ADC12}.Debug|Any CPU.ActiveCfg = Debug|Any CPU
		{D683C7E9-498F-4077-B6A4-C74A6C0ADC12}.Debug|Any CPU.Build.0 = Debug|Any CPU
		{D683C7E9-498F-4077-B6A4-C74A6C0ADC12}.Release|Any CPU.ActiveCfg = Release|Any CPU
		{D683C7E9-498F-4077-B6A4-C74A6C0ADC12}.Release|Any CPU.Build.0 = Release|Any CPU
		{D683C7E9-498F-4077-B6A4-C74A6C0ADC12}.Releaseexternal|Any CPU.ActiveCfg = Releaseexternal|Any CPU
		{D683C7E9-498F-4077-B6A4-C74A6C0ADC12}.Releaseexternal|Any CPU.Build.0 = Releaseexternal|Any CPU
		{D683C7E9-498F-4077-B6A4-C74A6C0ADC12}.Test|Any CPU.ActiveCfg = Test|Any CPU
		{D683C7E9-498F-4077-B6A4-C74A6C0ADC12}.Test|Any CPU.Build.0 = Test|Any CPU
		{72AD292D-E0BC-489A-9D6D-4A8D3540AE1F}.Debug|Any CPU.ActiveCfg = Debug|Any CPU
		{72AD292D-E0BC-489A-9D6D-4A8D3540AE1F}.Debug|Any CPU.Build.0 = Debug|Any CPU
		{72AD292D-E0BC-489A-9D6D-4A8D3540AE1F}.Release|Any CPU.ActiveCfg = Release|Any CPU
		{72AD292D-E0BC-489A-9D6D-4A8D3540AE1F}.Release|Any CPU.Build.0 = Release|Any CPU
		{72AD292D-E0BC-489A-9D6D-4A8D3540AE1F}.Releaseexternal|Any CPU.ActiveCfg = Releaseexternal|Any CPU
		{72AD292D-E0BC-489A-9D6D-4A8D3540AE1F}.Releaseexternal|Any CPU.Build.0 = Releaseexternal|Any CPU
		{72AD292D-E0BC-489A-9D6D-4A8D3540AE1F}.Test|Any CPU.ActiveCfg = Test|Any CPU
		{72AD292D-E0BC-489A-9D6D-4A8D3540AE1F}.Test|Any CPU.Build.0 = Test|Any CPU
		{29743B45-8C75-482E-AFF5-C7FDB85C43FA}.Debug|Any CPU.ActiveCfg = Debug|Any CPU
		{29743B45-8C75-482E-AFF5-C7FDB85C43FA}.Debug|Any CPU.Build.0 = Debug|Any CPU
		{29743B45-8C75-482E-AFF5-C7FDB85C43FA}.Release|Any CPU.ActiveCfg = Release|Any CPU
		{29743B45-8C75-482E-AFF5-C7FDB85C43FA}.Release|Any CPU.Build.0 = Release|Any CPU
		{29743B45-8C75-482E-AFF5-C7FDB85C43FA}.Releaseexternal|Any CPU.ActiveCfg = Releaseexternal|Any CPU
		{29743B45-8C75-482E-AFF5-C7FDB85C43FA}.Releaseexternal|Any CPU.Build.0 = Releaseexternal|Any CPU
		{29743B45-8C75-482E-AFF5-C7FDB85C43FA}.Test|Any CPU.ActiveCfg = Test|Any CPU
		{29743B45-8C75-482E-AFF5-C7FDB85C43FA}.Test|Any CPU.Build.0 = Test|Any CPU
		{3CF56D81-82E7-4C91-9353-B0CB6993849D}.Debug|Any CPU.ActiveCfg = Debug|Any CPU
		{3CF56D81-82E7-4C91-9353-B0CB6993849D}.Debug|Any CPU.Build.0 = Debug|Any CPU
		{3CF56D81-82E7-4C91-9353-B0CB6993849D}.Release|Any CPU.ActiveCfg = Release|Any CPU
		{3CF56D81-82E7-4C91-9353-B0CB6993849D}.Release|Any CPU.Build.0 = Release|Any CPU
		{3CF56D81-82E7-4C91-9353-B0CB6993849D}.Releaseexternal|Any CPU.ActiveCfg = Releaseexternal|Any CPU
		{3CF56D81-82E7-4C91-9353-B0CB6993849D}.Releaseexternal|Any CPU.Build.0 = Releaseexternal|Any CPU
		{3CF56D81-82E7-4C91-9353-B0CB6993849D}.Test|Any CPU.ActiveCfg = Test|Any CPU
		{3CF56D81-82E7-4C91-9353-B0CB6993849D}.Test|Any CPU.Build.0 = Test|Any CPU
		{CE5BC9DD-FD58-4EF6-AD9D-4C37419F111D}.Debug|Any CPU.ActiveCfg = Debug|Any CPU
		{CE5BC9DD-FD58-4EF6-AD9D-4C37419F111D}.Debug|Any CPU.Build.0 = Debug|Any CPU
		{CE5BC9DD-FD58-4EF6-AD9D-4C37419F111D}.Release|Any CPU.ActiveCfg = Release|Any CPU
		{CE5BC9DD-FD58-4EF6-AD9D-4C37419F111D}.Release|Any CPU.Build.0 = Release|Any CPU
		{CE5BC9DD-FD58-4EF6-AD9D-4C37419F111D}.Releaseexternal|Any CPU.ActiveCfg = Releaseexternal|Any CPU
		{CE5BC9DD-FD58-4EF6-AD9D-4C37419F111D}.Releaseexternal|Any CPU.Build.0 = Releaseexternal|Any CPU
		{CE5BC9DD-FD58-4EF6-AD9D-4C37419F111D}.Test|Any CPU.ActiveCfg = Test|Any CPU
		{CE5BC9DD-FD58-4EF6-AD9D-4C37419F111D}.Test|Any CPU.Build.0 = Test|Any CPU
		{FB61BD64-287C-4C11-9A75-6F5C4BDDE939}.Debug|Any CPU.ActiveCfg = Debug|Any CPU
		{FB61BD64-287C-4C11-9A75-6F5C4BDDE939}.Debug|Any CPU.Build.0 = Debug|Any CPU
		{FB61BD64-287C-4C11-9A75-6F5C4BDDE939}.Release|Any CPU.ActiveCfg = Release|Any CPU
		{FB61BD64-287C-4C11-9A75-6F5C4BDDE939}.Release|Any CPU.Build.0 = Release|Any CPU
		{FB61BD64-287C-4C11-9A75-6F5C4BDDE939}.Releaseexternal|Any CPU.ActiveCfg = Releaseexternal|Any CPU
		{FB61BD64-287C-4C11-9A75-6F5C4BDDE939}.Releaseexternal|Any CPU.Build.0 = Releaseexternal|Any CPU
		{FB61BD64-287C-4C11-9A75-6F5C4BDDE939}.Test|Any CPU.ActiveCfg = Test|Any CPU
		{FB61BD64-287C-4C11-9A75-6F5C4BDDE939}.Test|Any CPU.Build.0 = Test|Any CPU
		{DF1F8985-9636-40AB-9E0F-5DD627EF10DD}.Debug|Any CPU.ActiveCfg = Debug|Any CPU
		{DF1F8985-9636-40AB-9E0F-5DD627EF10DD}.Debug|Any CPU.Build.0 = Debug|Any CPU
		{DF1F8985-9636-40AB-9E0F-5DD627EF10DD}.Release|Any CPU.ActiveCfg = Release|Any CPU
		{DF1F8985-9636-40AB-9E0F-5DD627EF10DD}.Release|Any CPU.Build.0 = Release|Any CPU
		{DF1F8985-9636-40AB-9E0F-5DD627EF10DD}.Releaseexternal|Any CPU.ActiveCfg = Releaseexternal|Any CPU
		{DF1F8985-9636-40AB-9E0F-5DD627EF10DD}.Releaseexternal|Any CPU.Build.0 = Releaseexternal|Any CPU
		{DF1F8985-9636-40AB-9E0F-5DD627EF10DD}.Test|Any CPU.ActiveCfg = Test|Any CPU
		{DF1F8985-9636-40AB-9E0F-5DD627EF10DD}.Test|Any CPU.Build.0 = Test|Any CPU
		{6887890D-D2D0-4D94-AFEC-6B3492A22642}.Debug|Any CPU.ActiveCfg = Debug|Any CPU
		{6887890D-D2D0-4D94-AFEC-6B3492A22642}.Debug|Any CPU.Build.0 = Debug|Any CPU
		{6887890D-D2D0-4D94-AFEC-6B3492A22642}.Release|Any CPU.ActiveCfg = Release|Any CPU
		{6887890D-D2D0-4D94-AFEC-6B3492A22642}.Release|Any CPU.Build.0 = Release|Any CPU
		{6887890D-D2D0-4D94-AFEC-6B3492A22642}.Releaseexternal|Any CPU.ActiveCfg = Release|Any CPU
		{6887890D-D2D0-4D94-AFEC-6B3492A22642}.Releaseexternal|Any CPU.Build.0 = Release|Any CPU
		{6887890D-D2D0-4D94-AFEC-6B3492A22642}.Test|Any CPU.ActiveCfg = Release|Any CPU
		{6887890D-D2D0-4D94-AFEC-6B3492A22642}.Test|Any CPU.Build.0 = Release|Any CPU
	EndGlobalSection
	GlobalSection(SolutionProperties) = preSolution
		HideSolutionNode = FALSE
	EndGlobalSection
	GlobalSection(ExtensibilityGlobals) = postSolution
		VisualSVNWorkingCopyRoot = .
		EnterpriseLibraryConfigurationToolBinariesPath = packages\Unity.2.1.505.2\lib\NET35
	EndGlobalSection
EndGlobal
