
Microsoft Visual Studio Solution File, Format Version 12.00
# Visual Studio 2012
Project("{2150E333-8FDC-42A3-9474-1A3956D46DE8}") = ".nuget", ".nuget", "{A7BDC141-FCC8-46DE-966A-6083332E21FB}"
	ProjectSection(SolutionItems) = preProject
		.nuget\NuGet.Config = .nuget\NuGet.Config
		.nuget\nuget.exe = .nuget\nuget.exe
		.nuget\NuGet.targets = .nuget\NuGet.targets
	EndProjectSection
EndProject
Project("{FAE04EC0-301F-11D3-BF4B-00C04F79EFBC}") = "Trex.Infrastructure", "Trex.Infrastructure\Trex.Infrastructure.csproj", "{463B4605-ADF8-4B19-A11C-A9D60E0E9047}"
EndProject
Project("{FAE04EC0-301F-11D3-BF4B-00C04F79EFBC}") = "Trex.Core", "Trex.Core\Trex.Core.csproj", "{EAC70CA6-8844-4721-A57D-7A92DABCF8B6}"
EndProject
Project("{FAE04EC0-301F-11D3-BF4B-00C04F79EFBC}") = "Trex.TaskAdministration", "Trex.TaskAdministration\Trex.TaskAdministration.csproj", "{3F39DC5F-C046-4475-97DD-FE1BE06D24CE}"
EndProject
Project("{FAE04EC0-301F-11D3-BF4B-00C04F79EFBC}") = "Trex.Expander", "Trex.Expander\Trex.Expander.csproj", "{A24E4B94-479F-41D6-85BA-5D10EF1F7415}"
EndProject
Project("{FAE04EC0-301F-11D3-BF4B-00C04F79EFBC}") = "TrexSL.Web", "TrexSL.Web\TrexSL.Web.csproj", "{9BB63CAD-4E5D-4D68-A6A2-8D4C57416DF9}"
	ProjectSection(ProjectDependencies) = postProject
		{E8F47334-0EC3-45A3-A32A-9A0DE77B8DF9} = {E8F47334-0EC3-45A3-A32A-9A0DE77B8DF9}
	EndProjectSection
EndProject
Project("{FAE04EC0-301F-11D3-BF4B-00C04F79EFBC}") = "TrexSL.Shell", "TrexSL.Shell\TrexSL.Shell.csproj", "{E8F47334-0EC3-45A3-A32A-9A0DE77B8DF9}"
EndProject
Project("{FAE04EC0-301F-11D3-BF4B-00C04F79EFBC}") = "Trex.Administration", "Trex.Administration\Trex.Administration.csproj", "{28B75ADA-B934-41AD-BA89-0BE666B165C0}"
EndProject
Project("{FAE04EC0-301F-11D3-BF4B-00C04F79EFBC}") = "Trex.Invoices", "Trex.Invoices\Trex.Invoices.csproj", "{BE48906C-9C0A-4675-BD23-19E107962CD0}"
EndProject
Project("{FAE04EC0-301F-11D3-BF4B-00C04F79EFBC}") = "Trex.Reports", "Trex.Reports\Trex.Reports.csproj", "{899B60AD-903C-4C70-8C0E-03DE6BF6F013}"
EndProject
Project("{FAE04EC0-301F-11D3-BF4B-00C04F79EFBC}") = "Trex.Roles", "Trex.Roles\Trex.Roles.csproj", "{AE510713-532E-4FD9-9D03-6D58A12C03AE}"
EndProject
Project("{FAE04EC0-301F-11D3-BF4B-00C04F79EFBC}") = "Trex.ServiceModel", "Trex.ServiceModel\Trex.ServiceModel.csproj", "{BD1287AF-62C7-4879-899F-625DCF2259C5}"
EndProject
Project("{FAE04EC0-301F-11D3-BF4B-00C04F79EFBC}") = "Test", "Test\Test.csproj", "{2D8D5FCB-A382-43DD-8152-0B3F1126B14F}"
EndProject
Project("{2150E333-8FDC-42A3-9474-1A3956D46DE8}") = "Solution Items", "Solution Items", "{82748065-A471-436C-81F5-D58A942A3A8F}"
EndProject
Project("{FAE04EC0-301F-11D3-BF4B-00C04F79EFBC}") = "Trex.ServiceContracts.SL", "..\Trex.Administration.Service\Trex.ServiceContracts.SL\Trex.ServiceContracts.SL.csproj", "{F271FA5A-95C5-47A4-9FA9-8F2CE4DC3A39}"
EndProject
Global
	GlobalSection(TestCaseManagementSettings) = postSolution
		CategoryFile = TrexSL.vsmdi
	EndGlobalSection
	GlobalSection(SolutionConfigurationPlatforms) = preSolution
		Debug|Any CPU = Debug|Any CPU
		Release|Any CPU = Release|Any CPU
		Test|Any CPU = Test|Any CPU
	EndGlobalSection
	GlobalSection(ProjectConfigurationPlatforms) = postSolution
		{463B4605-ADF8-4B19-A11C-A9D60E0E9047}.Debug|Any CPU.ActiveCfg = Debug|Any CPU
		{463B4605-ADF8-4B19-A11C-A9D60E0E9047}.Debug|Any CPU.Build.0 = Debug|Any CPU
		{463B4605-ADF8-4B19-A11C-A9D60E0E9047}.Release|Any CPU.ActiveCfg = Release|Any CPU
		{463B4605-ADF8-4B19-A11C-A9D60E0E9047}.Release|Any CPU.Build.0 = Release|Any CPU
		{463B4605-ADF8-4B19-A11C-A9D60E0E9047}.Test|Any CPU.ActiveCfg = Test|Any CPU
		{463B4605-ADF8-4B19-A11C-A9D60E0E9047}.Test|Any CPU.Build.0 = Test|Any CPU
		{EAC70CA6-8844-4721-A57D-7A92DABCF8B6}.Debug|Any CPU.ActiveCfg = Debug|Any CPU
		{EAC70CA6-8844-4721-A57D-7A92DABCF8B6}.Debug|Any CPU.Build.0 = Debug|Any CPU
		{EAC70CA6-8844-4721-A57D-7A92DABCF8B6}.Release|Any CPU.ActiveCfg = Release|Any CPU
		{EAC70CA6-8844-4721-A57D-7A92DABCF8B6}.Release|Any CPU.Build.0 = Release|Any CPU
		{EAC70CA6-8844-4721-A57D-7A92DABCF8B6}.Test|Any CPU.ActiveCfg = Test|Any CPU
		{EAC70CA6-8844-4721-A57D-7A92DABCF8B6}.Test|Any CPU.Build.0 = Test|Any CPU
		{3F39DC5F-C046-4475-97DD-FE1BE06D24CE}.Debug|Any CPU.ActiveCfg = Debug|Any CPU
		{3F39DC5F-C046-4475-97DD-FE1BE06D24CE}.Debug|Any CPU.Build.0 = Debug|Any CPU
		{3F39DC5F-C046-4475-97DD-FE1BE06D24CE}.Release|Any CPU.ActiveCfg = Release|Any CPU
		{3F39DC5F-C046-4475-97DD-FE1BE06D24CE}.Release|Any CPU.Build.0 = Release|Any CPU
		{3F39DC5F-C046-4475-97DD-FE1BE06D24CE}.Test|Any CPU.ActiveCfg = Test|Any CPU
		{3F39DC5F-C046-4475-97DD-FE1BE06D24CE}.Test|Any CPU.Build.0 = Test|Any CPU
		{A24E4B94-479F-41D6-85BA-5D10EF1F7415}.Debug|Any CPU.ActiveCfg = Debug|Any CPU
		{A24E4B94-479F-41D6-85BA-5D10EF1F7415}.Debug|Any CPU.Build.0 = Debug|Any CPU
		{A24E4B94-479F-41D6-85BA-5D10EF1F7415}.Release|Any CPU.ActiveCfg = Release|Any CPU
		{A24E4B94-479F-41D6-85BA-5D10EF1F7415}.Release|Any CPU.Build.0 = Release|Any CPU
		{A24E4B94-479F-41D6-85BA-5D10EF1F7415}.Test|Any CPU.ActiveCfg = Test|Any CPU
		{A24E4B94-479F-41D6-85BA-5D10EF1F7415}.Test|Any CPU.Build.0 = Test|Any CPU
		{9BB63CAD-4E5D-4D68-A6A2-8D4C57416DF9}.Debug|Any CPU.ActiveCfg = Debug|Any CPU
		{9BB63CAD-4E5D-4D68-A6A2-8D4C57416DF9}.Debug|Any CPU.Build.0 = Debug|Any CPU
		{9BB63CAD-4E5D-4D68-A6A2-8D4C57416DF9}.Release|Any CPU.ActiveCfg = Release|Any CPU
		{9BB63CAD-4E5D-4D68-A6A2-8D4C57416DF9}.Release|Any CPU.Build.0 = Release|Any CPU
		{9BB63CAD-4E5D-4D68-A6A2-8D4C57416DF9}.Test|Any CPU.ActiveCfg = Test|Any CPU
		{9BB63CAD-4E5D-4D68-A6A2-8D4C57416DF9}.Test|Any CPU.Build.0 = Test|Any CPU
		{E8F47334-0EC3-45A3-A32A-9A0DE77B8DF9}.Debug|Any CPU.ActiveCfg = Debug|Any CPU
		{E8F47334-0EC3-45A3-A32A-9A0DE77B8DF9}.Debug|Any CPU.Build.0 = Debug|Any CPU
		{E8F47334-0EC3-45A3-A32A-9A0DE77B8DF9}.Release|Any CPU.ActiveCfg = Release|Any CPU
		{E8F47334-0EC3-45A3-A32A-9A0DE77B8DF9}.Release|Any CPU.Build.0 = Release|Any CPU
		{E8F47334-0EC3-45A3-A32A-9A0DE77B8DF9}.Test|Any CPU.ActiveCfg = Test|Any CPU
		{E8F47334-0EC3-45A3-A32A-9A0DE77B8DF9}.Test|Any CPU.Build.0 = Test|Any CPU
		{28B75ADA-B934-41AD-BA89-0BE666B165C0}.Debug|Any CPU.ActiveCfg = Debug|Any CPU
		{28B75ADA-B934-41AD-BA89-0BE666B165C0}.Debug|Any CPU.Build.0 = Debug|Any CPU
		{28B75ADA-B934-41AD-BA89-0BE666B165C0}.Release|Any CPU.ActiveCfg = Release|Any CPU
		{28B75ADA-B934-41AD-BA89-0BE666B165C0}.Release|Any CPU.Build.0 = Release|Any CPU
		{28B75ADA-B934-41AD-BA89-0BE666B165C0}.Test|Any CPU.ActiveCfg = Test|Any CPU
		{28B75ADA-B934-41AD-BA89-0BE666B165C0}.Test|Any CPU.Build.0 = Test|Any CPU
		{BE48906C-9C0A-4675-BD23-19E107962CD0}.Debug|Any CPU.ActiveCfg = Debug|Any CPU
		{BE48906C-9C0A-4675-BD23-19E107962CD0}.Debug|Any CPU.Build.0 = Debug|Any CPU
		{BE48906C-9C0A-4675-BD23-19E107962CD0}.Release|Any CPU.ActiveCfg = Release|Any CPU
		{BE48906C-9C0A-4675-BD23-19E107962CD0}.Release|Any CPU.Build.0 = Release|Any CPU
		{BE48906C-9C0A-4675-BD23-19E107962CD0}.Test|Any CPU.ActiveCfg = Test|Any CPU
		{BE48906C-9C0A-4675-BD23-19E107962CD0}.Test|Any CPU.Build.0 = Test|Any CPU
		{899B60AD-903C-4C70-8C0E-03DE6BF6F013}.Debug|Any CPU.ActiveCfg = Debug|Any CPU
		{899B60AD-903C-4C70-8C0E-03DE6BF6F013}.Debug|Any CPU.Build.0 = Debug|Any CPU
		{899B60AD-903C-4C70-8C0E-03DE6BF6F013}.Release|Any CPU.ActiveCfg = Release|Any CPU
		{899B60AD-903C-4C70-8C0E-03DE6BF6F013}.Release|Any CPU.Build.0 = Release|Any CPU
		{899B60AD-903C-4C70-8C0E-03DE6BF6F013}.Test|Any CPU.ActiveCfg = Test|Any CPU
		{899B60AD-903C-4C70-8C0E-03DE6BF6F013}.Test|Any CPU.Build.0 = Test|Any CPU
		{AE510713-532E-4FD9-9D03-6D58A12C03AE}.Debug|Any CPU.ActiveCfg = Debug|Any CPU
		{AE510713-532E-4FD9-9D03-6D58A12C03AE}.Debug|Any CPU.Build.0 = Debug|Any CPU
		{AE510713-532E-4FD9-9D03-6D58A12C03AE}.Release|Any CPU.ActiveCfg = Release|Any CPU
		{AE510713-532E-4FD9-9D03-6D58A12C03AE}.Release|Any CPU.Build.0 = Release|Any CPU
		{AE510713-532E-4FD9-9D03-6D58A12C03AE}.Test|Any CPU.ActiveCfg = Test|Any CPU
		{AE510713-532E-4FD9-9D03-6D58A12C03AE}.Test|Any CPU.Build.0 = Test|Any CPU
		{BD1287AF-62C7-4879-899F-625DCF2259C5}.Debug|Any CPU.ActiveCfg = Debug|Any CPU
		{BD1287AF-62C7-4879-899F-625DCF2259C5}.Debug|Any CPU.Build.0 = Debug|Any CPU
		{BD1287AF-62C7-4879-899F-625DCF2259C5}.Release|Any CPU.ActiveCfg = Release|Any CPU
		{BD1287AF-62C7-4879-899F-625DCF2259C5}.Release|Any CPU.Build.0 = Release|Any CPU
		{BD1287AF-62C7-4879-899F-625DCF2259C5}.Test|Any CPU.ActiveCfg = Test|Any CPU
		{BD1287AF-62C7-4879-899F-625DCF2259C5}.Test|Any CPU.Build.0 = Test|Any CPU
		{2D8D5FCB-A382-43DD-8152-0B3F1126B14F}.Debug|Any CPU.ActiveCfg = Debug|Any CPU
		{2D8D5FCB-A382-43DD-8152-0B3F1126B14F}.Debug|Any CPU.Build.0 = Debug|Any CPU
		{2D8D5FCB-A382-43DD-8152-0B3F1126B14F}.Release|Any CPU.ActiveCfg = Release|Any CPU
		{2D8D5FCB-A382-43DD-8152-0B3F1126B14F}.Release|Any CPU.Build.0 = Release|Any CPU
		{2D8D5FCB-A382-43DD-8152-0B3F1126B14F}.Test|Any CPU.ActiveCfg = Test|Any CPU
		{2D8D5FCB-A382-43DD-8152-0B3F1126B14F}.Test|Any CPU.Build.0 = Test|Any CPU
		{F271FA5A-95C5-47A4-9FA9-8F2CE4DC3A39}.Debug|Any CPU.ActiveCfg = Debug|Any CPU
		{F271FA5A-95C5-47A4-9FA9-8F2CE4DC3A39}.Debug|Any CPU.Build.0 = Debug|Any CPU
		{F271FA5A-95C5-47A4-9FA9-8F2CE4DC3A39}.Release|Any CPU.ActiveCfg = Release|Any CPU
		{F271FA5A-95C5-47A4-9FA9-8F2CE4DC3A39}.Release|Any CPU.Build.0 = Release|Any CPU
		{F271FA5A-95C5-47A4-9FA9-8F2CE4DC3A39}.Test|Any CPU.ActiveCfg = Test|Any CPU
		{F271FA5A-95C5-47A4-9FA9-8F2CE4DC3A39}.Test|Any CPU.Build.0 = Test|Any CPU
	EndGlobalSection
	GlobalSection(SolutionProperties) = preSolution
		HideSolutionNode = FALSE
	EndGlobalSection
	GlobalSection(ExtensibilityGlobals) = postSolution
		EnterpriseLibraryConfigurationToolBinariesPath = packages\Unity.2.1.505.0\lib\NET35;packages\Unity.2.1.505.2\lib\NET35
		VisualSVNWorkingCopyRoot = .
	EndGlobalSection
EndGlobal
